{
  "name": "teste",
  "version": "1.0.0",
  "lockfileVersion": 3,
  "requires": true,
  "packages": {
    "": {
      "name": "teste",
      "version": "1.0.0",
      "license": "ISC",
      "devDependencies": {
        "@reinaldo-ignite-ui/tokens": "^1.0.0"
      }
    },
    "node_modules/@reinaldo-ignite-ui/tokens": {
      "version": "1.0.0",
      "resolved": "https://registry.npmjs.org/@reinaldo-ignite-ui/tokens/-/tokens-1.0.0.tgz",
      "integrity": "sha512-5vhSNmGx6xE+Pdt8Rk47b5fT9gC+8xweMvIt4nrQU2sNY7goRmtQn3oW06vkl/pjRsqvpOww7MGlC7/44XCUjA==",
      "dev": true
    }
  }
}
